
Microsoft Visual Studio Solution File, Format Version 12.00
# Visual Studio 15
VisualStudioVersion = 15.0.27130.2010
MinimumVisualStudioVersion = 10.0.40219.1
Project("{FAE04EC0-301F-11D3-BF4B-00C04F79EFBC}") = "WindowsKeepAlive", "WindowsKeepAlive\WindowsKeepAlive.csproj", "{851EF6AD-426A-46C8-BEFD-303E76791897}"
EndProject
Global
	GlobalSection(SolutionConfigurationPlatforms) = preSolution
		Debug|Any CPU = Debug|Any CPU
		Release|Any CPU = Release|Any CPU
	EndGlobalSection
	GlobalSection(ProjectConfigurationPlatforms) = postSolution
		{851EF6AD-426A-46C8-BEFD-303E76791897}.Debug|Any CPU.ActiveCfg = Debug|Any CPU
		{851EF6AD-426A-46C8-BEFD-303E76791897}.Debug|Any CPU.Build.0 = Debug|Any CPU
		{851EF6AD-426A-46C8-BEFD-303E76791897}.Release|Any CPU.ActiveCfg = Release|Any CPU
		{851EF6AD-426A-46C8-BEFD-303E76791897}.Release|Any CPU.Build.0 = Release|Any CPU
	EndGlobalSection
	GlobalSection(SolutionProperties) = preSolution
		HideSolutionNode = FALSE
	EndGlobalSection
	GlobalSection(ExtensibilityGlobals) = postSolution
		SolutionGuid = {FC83A105-592D-479B-BE6D-E233B01357EC}
	EndGlobalSection
EndGlobal
